
Microsoft Visual Studio Solution File, Format Version 12.00
# Visual Studio 14
VisualStudioVersion = 14.0.24720.0
MinimumVisualStudioVersion = 10.0.40219.1
Project("{FAE04EC0-301F-11D3-BF4B-00C04F79EFBC}") = "LiberisLabs.MassTransit.Persistence.MongoDb", "LiberisLabs.MassTransit.Persistence.MongoDb\LiberisLabs.MassTransit.Persistence.MongoDb.csproj", "{B6C53554-3DB1-47AE-B715-C7091136A2FF}"
EndProject
Project("{FAE04EC0-301F-11D3-BF4B-00C04F79EFBC}") = "LiberisLabs.MassTransit.Persistence.MongoDb.IntegrationTests", "LiberisLabs.MassTransit.Persistence.MongoDb.IntegrationTests\LiberisLabs.MassTransit.Persistence.MongoDb.IntegrationTests.csproj", "{BBB417D5-4E58-4548-B3B9-D8589FC8BE6E}"
EndProject
Project("{FAE04EC0-301F-11D3-BF4B-00C04F79EFBC}") = "LiberisLabs.MassTransit.Persistence.MongoDb.Tests", "LiberisLabs.MassTransit.Persistence.MongoDb.Tests\LiberisLabs.MassTransit.Persistence.MongoDb.Tests.csproj", "{914FBA1E-18E1-451E-8529-BA5ADB23EE00}"
EndProject
Project("{2150E333-8FDC-42A3-9474-1A3956D46DE8}") = "Build stuff", "Build stuff", "{FB6A2254-A0CF-4901-A9F6-0C6EC5D217A6}"
	ProjectSection(SolutionItems) = preProject
		..\build-before_build.ps1 = ..\build-before_build.ps1
		..\environment-install.ps1 = ..\environment-install.ps1
	EndProjectSection
EndProject
Project("{2150E333-8FDC-42A3-9474-1A3956D46DE8}") = "Project stuff", "Project stuff", "{543EBA65-EE08-4CDE-B44C-1CDC9B2E1C75}"
	ProjectSection(SolutionItems) = preProject
		..\appveyor.yml = ..\appveyor.yml
		..\liberis-labs.jpg = ..\liberis-labs.jpg
		..\README.md = ..\README.md
	EndProjectSection
EndProject
Global
	GlobalSection(SolutionConfigurationPlatforms) = preSolution
		Debug|Any CPU = Debug|Any CPU
		Release|Any CPU = Release|Any CPU
	EndGlobalSection
	GlobalSection(ProjectConfigurationPlatforms) = postSolution
		{B6C53554-3DB1-47AE-B715-C7091136A2FF}.Debug|Any CPU.ActiveCfg = Debug|Any CPU
		{B6C53554-3DB1-47AE-B715-C7091136A2FF}.Debug|Any CPU.Build.0 = Debug|Any CPU
		{B6C53554-3DB1-47AE-B715-C7091136A2FF}.Release|Any CPU.ActiveCfg = Release|Any CPU
		{B6C53554-3DB1-47AE-B715-C7091136A2FF}.Release|Any CPU.Build.0 = Release|Any CPU
		{BBB417D5-4E58-4548-B3B9-D8589FC8BE6E}.Debug|Any CPU.ActiveCfg = Debug|Any CPU
		{BBB417D5-4E58-4548-B3B9-D8589FC8BE6E}.Debug|Any CPU.Build.0 = Debug|Any CPU
		{BBB417D5-4E58-4548-B3B9-D8589FC8BE6E}.Release|Any CPU.ActiveCfg = Release|Any CPU
		{BBB417D5-4E58-4548-B3B9-D8589FC8BE6E}.Release|Any CPU.Build.0 = Release|Any CPU
		{914FBA1E-18E1-451E-8529-BA5ADB23EE00}.Debug|Any CPU.ActiveCfg = Debug|Any CPU
		{914FBA1E-18E1-451E-8529-BA5ADB23EE00}.Debug|Any CPU.Build.0 = Debug|Any CPU
		{914FBA1E-18E1-451E-8529-BA5ADB23EE00}.Release|Any CPU.ActiveCfg = Release|Any CPU
		{914FBA1E-18E1-451E-8529-BA5ADB23EE00}.Release|Any CPU.Build.0 = Release|Any CPU
	EndGlobalSection
	GlobalSection(SolutionProperties) = preSolution
		HideSolutionNode = FALSE
	EndGlobalSection
EndGlobal
